
Microsoft Visual Studio Solution File, Format Version 12.00
# Visual Studio Version 17
VisualStudioVersion = 17.4.33403.182
MinimumVisualStudioVersion = 10.0.40219.1
Project("{9A19103F-16F7-4668-BE54-9A1E7A4F7556}") = "gl_Lab2_3", "gl_Lab2_3\gl_Lab2_3.csproj", "{B77AC99E-EEB2-4D8B-BEC7-3AD5EE166715}"
EndProject
Global
	GlobalSection(SolutionConfigurationPlatforms) = preSolution
		Debug|Any CPU = Debug|Any CPU
		Release|Any CPU = Release|Any CPU
	EndGlobalSection
	GlobalSection(ProjectConfigurationPlatforms) = postSolution
		{B77AC99E-EEB2-4D8B-BEC7-3AD5EE166715}.Debug|Any CPU.ActiveCfg = Debug|Any CPU
		{B77AC99E-EEB2-4D8B-BEC7-3AD5EE166715}.Debug|Any CPU.Build.0 = Debug|Any CPU
		{B77AC99E-EEB2-4D8B-BEC7-3AD5EE166715}.Release|Any CPU.ActiveCfg = Release|Any CPU
		{B77AC99E-EEB2-4D8B-BEC7-3AD5EE166715}.Release|Any CPU.Build.0 = Release|Any CPU
	EndGlobalSection
	GlobalSection(SolutionProperties) = preSolution
		HideSolutionNode = FALSE
	EndGlobalSection
	GlobalSection(ExtensibilityGlobals) = postSolution
		SolutionGuid = {9441BC19-4C44-4287-9188-A8DCFFC3AF4E}
	EndGlobalSection
EndGlobal
